
Microsoft Visual Studio Solution File, Format Version 12.00
# Visual Studio Version 17
VisualStudioVersion = 17.7.34009.444
MinimumVisualStudioVersion = 10.0.40219.1
Project("{FAE04EC0-301F-11D3-BF4B-00C04F79EFBC}") = "WebApplication1Tic", "WebApplication1Tic\WebApplication1Tic.csproj", "{5DD71147-4FDE-44CE-9F4A-02E4C0319F09}"
EndProject
Global
	GlobalSection(SolutionConfigurationPlatforms) = preSolution
		Debug|Any CPU = Debug|Any CPU
		Release|Any CPU = Release|Any CPU
	EndGlobalSection
	GlobalSection(ProjectConfigurationPlatforms) = postSolution
		{5DD71147-4FDE-44CE-9F4A-02E4C0319F09}.Debug|Any CPU.ActiveCfg = Debug|Any CPU
		{5DD71147-4FDE-44CE-9F4A-02E4C0319F09}.Debug|Any CPU.Build.0 = Debug|Any CPU
		{5DD71147-4FDE-44CE-9F4A-02E4C0319F09}.Release|Any CPU.ActiveCfg = Release|Any CPU
		{5DD71147-4FDE-44CE-9F4A-02E4C0319F09}.Release|Any CPU.Build.0 = Release|Any CPU
	EndGlobalSection
	GlobalSection(SolutionProperties) = preSolution
		HideSolutionNode = FALSE
	EndGlobalSection
	GlobalSection(ExtensibilityGlobals) = postSolution
		SolutionGuid = {BA9D764E-4F4B-48D3-B495-6D376A10D50A}
	EndGlobalSection
EndGlobal
